
Microsoft Visual Studio Solution File, Format Version 12.00
# Visual Studio Version 16
VisualStudioVersion = 16.0.29201.188
MinimumVisualStudioVersion = 10.0.40219.1
Project("{FAE04EC0-301F-11D3-BF4B-00C04F79EFBC}") = "FishShooting", "FishShooting.csproj", "{A455D26C-F87B-4C11-A353-EA39854D28A9}"
EndProject
Global
	GlobalSection(SolutionConfigurationPlatforms) = preSolution
		Debug|Any CPU = Debug|Any CPU
		Release|Any CPU = Release|Any CPU
	EndGlobalSection
	GlobalSection(ProjectConfigurationPlatforms) = postSolution
		{A455D26C-F87B-4C11-A353-EA39854D28A9}.Debug|Any CPU.ActiveCfg = Debug|Any CPU
		{A455D26C-F87B-4C11-A353-EA39854D28A9}.Debug|Any CPU.Build.0 = Debug|Any CPU
		{A455D26C-F87B-4C11-A353-EA39854D28A9}.Release|Any CPU.ActiveCfg = Release|Any CPU
		{A455D26C-F87B-4C11-A353-EA39854D28A9}.Release|Any CPU.Build.0 = Release|Any CPU
	EndGlobalSection
	GlobalSection(SolutionProperties) = preSolution
		HideSolutionNode = FALSE
	EndGlobalSection
	GlobalSection(ExtensibilityGlobals) = postSolution
		SolutionGuid = {5FB51A05-BDC8-4575-847B-B05512E234EB}
	EndGlobalSection
EndGlobal
